// !$*UTF8*$!
{
	archiveVersion = 1;
	classes = {
	};
	objectVersion = 77;
	objects = {

/* Begin PBXBuildFile section */
		4E5000000000000000000080 /* PennantKit in Frameworks */ = {isa = PBXBuildFile; productRef = 4E5000000000000000000070 /* PennantKit */; };
		4E5000000000000000000081 /* PennantDesign in Frameworks */ = {isa = PBXBuildFile; productRef = 4E5000000000000000000071 /* PennantDesign */; };
		4E5000000000000000000082 /* PennantAPI in Frameworks */ = {isa = PBXBuildFile; productRef = 4E5000000000000000000072 /* PennantAPI */; };
		4E5000000000000000000083 /* PennantFeatures in Frameworks */ = {isa = PBXBuildFile; productRef = 4E5000000000000000000073 /* PennantFeatures */; };
/* End PBXBuildFile section */

/* Begin PBXContainerItemProxy section */
		4E5000000000000000000040 /* PBXContainerItemProxy */ = {
			isa = PBXContainerItemProxy;
			containerPortal = 4E5000000000000000000001 /* Project object */;
			proxyType = 1;
			remoteGlobalIDString = 4E5000000000000000000020;
			remoteInfo = Pennant;
		};
/* End PBXContainerItemProxy section */

/* Begin PBXFileReference section */
		4E5000000000000000000010 /* Pennant.app */ = {isa = PBXFileReference; explicitFileType = wrapper.application; includeInIndex = 0; path = Pennant.app; sourceTree = BUILT_PRODUCTS_DIR; };
		4E5000000000000000000011 /* PennantUITests.xctest */ = {isa = PBXFileReference; explicitFileType = wrapper.cfbundle; includeInIndex = 0; path = PennantUITests.xctest; sourceTree = BUILT_PRODUCTS_DIR; };
/* End PBXFileReference section */

/* Begin PBXFileSystemSynchronizedRootGroup section */
		4E5000000000000000000004 /* Pennant */ = {
			isa = PBXFileSystemSynchronizedRootGroup;
			path = Pennant;
			sourceTree = "<group>";
		};
		4E5000000000000000000005 /* PennantUITests */ = {
			isa = PBXFileSystemSynchronizedRootGroup;
			path = PennantUITests;
			sourceTree = "<group>";
		};
		4E5000000000000000000006 /* Support */ = {
			isa = PBXFileSystemSynchronizedRootGroup;
			path = Support;
			sourceTree = "<group>";
		};
		4E5000000000000000000007 /* scripts */ = {
			isa = PBXFileSystemSynchronizedRootGroup;
			path = scripts;
			sourceTree = "<group>";
		};
/* End PBXFileSystemSynchronizedRootGroup section */

/* Begin PBXFrameworksBuildPhase section */
		4E5000000000000000000031 /* Frameworks */ = {
			isa = PBXFrameworksBuildPhase;
			buildActionMask = 2147483647;
			files = (
				4E5000000000000000000080 /* PennantKit in Frameworks */,
				4E5000000000000000000081 /* PennantDesign in Frameworks */,
				4E5000000000000000000082 /* PennantAPI in Frameworks */,
				4E5000000000000000000083 /* PennantFeatures in Frameworks */,
			);
			runOnlyForDeploymentPostprocessing = 0;
		};
		4E5000000000000000000035 /* Frameworks */ = {
			isa = PBXFrameworksBuildPhase;
			buildActionMask = 2147483647;
			files = (
			);
			runOnlyForDeploymentPostprocessing = 0;
		};
/* End PBXFrameworksBuildPhase section */

/* Begin PBXGroup section */
		4E5000000000000000000002 = {
			isa = PBXGroup;
			children = (
				4E5000000000000000000004 /* Pennant */,
				4E5000000000000000000005 /* PennantUITests */,
				4E5000000000000000000006 /* Support */,
				4E5000000000000000000007 /* scripts */,
				4E5000000000000000000003 /* Products */,
			);
			sourceTree = "<group>";
		};
		4E5000000000000000000003 /* Products */ = {
			isa = PBXGroup;
			children = (
				4E5000000000000000000010 /* Pennant.app */,
				4E5000000000000000000011 /* PennantUITests.xctest */,
			);
			name = Products;
			sourceTree = "<group>";
		};
/* End PBXGroup section */

/* Begin PBXNativeTarget section */
		4E5000000000000000000020 /* Pennant */ = {
			isa = PBXNativeTarget;
			buildConfigurationList = 4E5000000000000000000053 /* Build configuration list for PBXNativeTarget "Pennant" */;
			buildPhases = (
				4E5000000000000000000030 /* Sources */,
				4E5000000000000000000031 /* Frameworks */,
				4E5000000000000000000032 /* Resources */,
				4E5000000000000000000033 /* Embed the server */,
			);
			buildRules = (
			);
			dependencies = (
			);
			fileSystemSynchronizedGroups = (
				4E5000000000000000000004 /* Pennant */,
			);
			name = Pennant;
			packageProductDependencies = (
				4E5000000000000000000070 /* PennantKit */,
				4E5000000000000000000071 /* PennantDesign */,
				4E5000000000000000000072 /* PennantAPI */,
				4E5000000000000000000073 /* PennantFeatures */,
			);
			productName = Pennant;
			productReference = 4E5000000000000000000010 /* Pennant.app */;
			productType = "com.apple.product-type.application";
		};
		4E5000000000000000000021 /* PennantUITests */ = {
			isa = PBXNativeTarget;
			buildConfigurationList = 4E5000000000000000000056 /* Build configuration list for PBXNativeTarget "PennantUITests" */;
			buildPhases = (
				4E5000000000000000000034 /* Sources */,
				4E5000000000000000000035 /* Frameworks */,
				4E5000000000000000000036 /* Resources */,
			);
			buildRules = (
			);
			dependencies = (
				4E5000000000000000000041 /* PBXTargetDependency */,
			);
			fileSystemSynchronizedGroups = (
				4E5000000000000000000005 /* PennantUITests */,
			);
			name = PennantUITests;
			packageProductDependencies = (
			);
			productName = PennantUITests;
			productReference = 4E5000000000000000000011 /* PennantUITests.xctest */;
			productType = "com.apple.product-type.bundle.ui-testing";
		};
/* End PBXNativeTarget section */

/* Begin PBXProject section */
		4E5000000000000000000001 /* Project object */ = {
			isa = PBXProject;
			attributes = {
				BuildIndependentTargetsInParallel = 1;
				LastSwiftUpdateCheck = 2700;
				LastUpgradeCheck = 2700;
				TargetAttributes = {
					4E5000000000000000000020 = {
						CreatedOnToolsVersion = 27.0;
					};
					4E5000000000000000000021 = {
						CreatedOnToolsVersion = 27.0;
						TestTargetID = 4E5000000000000000000020;
					};
				};
			};
			buildConfigurationList = 4E5000000000000000000050 /* Build configuration list for PBXProject "Pennant" */;
			developmentRegion = en;
			hasScannedForEncodings = 0;
			knownRegions = (
				en,
				Base,
			);
			mainGroup = 4E5000000000000000000002;
			minimizedProjectReferenceProxies = 1;
			packageReferences = (
				4E5000000000000000000060 /* XCLocalSwiftPackageReference "Packages/PennantKit" */,
				4E5000000000000000000061 /* XCLocalSwiftPackageReference "Packages/PennantDesign" */,
				4E5000000000000000000062 /* XCLocalSwiftPackageReference "Packages/PennantAPI" */,
				4E5000000000000000000063 /* XCLocalSwiftPackageReference "Packages/PennantFeatures" */,
			);
			preferredProjectObjectVersion = 77;
			productRefGroup = 4E5000000000000000000003 /* Products */;
			projectDirPath = "";
			projectRoot = "";
			targets = (
				4E5000000000000000000020 /* Pennant */,
				4E5000000000000000000021 /* PennantUITests */,
			);
		};
/* End PBXProject section */

/* Begin PBXResourcesBuildPhase section */
		4E5000000000000000000032 /* Resources */ = {
			isa = PBXResourcesBuildPhase;
			buildActionMask = 2147483647;
			files = (
			);
			runOnlyForDeploymentPostprocessing = 0;
		};
		4E5000000000000000000036 /* Resources */ = {
			isa = PBXResourcesBuildPhase;
			buildActionMask = 2147483647;
			files = (
			);
			runOnlyForDeploymentPostprocessing = 0;
		};
/* End PBXResourcesBuildPhase section */

/* Begin PBXShellScriptBuildPhase section */
		4E5000000000000000000033 /* Embed the server */ = {
			isa = PBXShellScriptBuildPhase;
			alwaysOutOfDate = 1;
			buildActionMask = 2147483647;
			files = (
			);
			inputFileListPaths = (
			);
			inputPaths = (
				"$(TARGET_BUILD_DIR)/$(INFOPLIST_PATH)",
			);
			name = "Embed the server";
			outputFileListPaths = (
			);
			outputPaths = (
			);
			runOnlyForDeploymentPostprocessing = 0;
			shellPath = /bin/bash;
			shellScript = "\"${SRCROOT}/scripts/embed-server.sh\"\n";
			showEnvVarsInLog = 0;
		};
/* End PBXShellScriptBuildPhase section */

/* Begin PBXSourcesBuildPhase section */
		4E5000000000000000000030 /* Sources */ = {
			isa = PBXSourcesBuildPhase;
			buildActionMask = 2147483647;
			files = (
			);
			runOnlyForDeploymentPostprocessing = 0;
		};
		4E5000000000000000000034 /* Sources */ = {
			isa = PBXSourcesBuildPhase;
			buildActionMask = 2147483647;
			files = (
			);
			runOnlyForDeploymentPostprocessing = 0;
		};
/* End PBXSourcesBuildPhase section */

/* Begin PBXTargetDependency section */
		4E5000000000000000000041 /* PBXTargetDependency */ = {
			isa = PBXTargetDependency;
			target = 4E5000000000000000000020 /* Pennant */;
			targetProxy = 4E5000000000000000000040 /* PBXContainerItemProxy */;
		};
/* End PBXTargetDependency section */

/* Begin XCBuildConfiguration section */
		4E5000000000000000000051 /* Debug */ = {
			isa = XCBuildConfiguration;
			buildSettings = {
				ALWAYS_SEARCH_USER_PATHS = NO;
				ASSETCATALOG_COMPILER_GENERATE_SWIFT_ASSET_SYMBOL_EXTENSIONS = YES;
				CLANG_ANALYZER_NONNULL = YES;
				CLANG_CXX_LANGUAGE_STANDARD = "gnu++20";
				CLANG_ENABLE_MODULES = YES;
				CLANG_ENABLE_OBJC_ARC = YES;
				CLANG_ENABLE_OBJC_WEAK = YES;
				CLANG_WARN_BLOCK_CAPTURE_AUTORELEASING = YES;
				CLANG_WARN_BOOL_CONVERSION = YES;
				CLANG_WARN_COMMA = YES;
				CLANG_WARN_CONSTANT_CONVERSION = YES;
				CLANG_WARN_DEPRECATED_OBJC_IMPLEMENTATIONS = YES;
				CLANG_WARN_DIRECT_OBJC_ISA_USAGE = YES_ERROR;
				CLANG_WARN_DOCUMENTATION_COMMENTS = YES;
				CLANG_WARN_EMPTY_BODY = YES;
				CLANG_WARN_ENUM_CONVERSION = YES;
				CLANG_WARN_INFINITE_RECURSION = YES;
				CLANG_WARN_INT_CONVERSION = YES;
				CLANG_WARN_NON_LITERAL_NULL_CONVERSION = YES;
				CLANG_WARN_OBJC_IMPLICIT_RETAIN_SELF = YES;
				CLANG_WARN_OBJC_LITERAL_CONVERSION = YES;
				CLANG_WARN_OBJC_ROOT_CLASS = YES_ERROR;
				CLANG_WARN_QUOTED_INCLUDE_IN_FRAMEWORK_HEADER = YES;
				CLANG_WARN_RANGE_LOOP_ANALYSIS = YES;
				CLANG_WARN_STRICT_PROTOTYPES = YES;
				CLANG_WARN_SUSPICIOUS_MOVE = YES;
				CLANG_WARN_UNGUARDED_AVAILABILITY = YES_AGGRESSIVE;
				CLANG_WARN_UNREACHABLE_CODE = YES;
				CLANG_WARN__DUPLICATE_METHOD_MATCH = YES;
				COPY_PHASE_STRIP = NO;
				DEAD_CODE_STRIPPING = YES;
				DEBUG_INFORMATION_FORMAT = dwarf;
				DEVELOPMENT_TEAM = 6T7RV2A4DQ;
				ENABLE_STRICT_OBJC_MSGSEND = YES;
				ENABLE_TESTABILITY = YES;
				ENABLE_USER_SCRIPT_SANDBOXING = YES;
				GCC_C_LANGUAGE_STANDARD = gnu17;
				GCC_DYNAMIC_NO_PIC = NO;
				GCC_NO_COMMON_BLOCKS = YES;
				GCC_OPTIMIZATION_LEVEL = 0;
				GCC_PREPROCESSOR_DEFINITIONS = (
					"DEBUG=1",
					"$(inherited)",
				);
				GCC_WARN_64_TO_32_BIT_CONVERSION = YES;
				GCC_WARN_ABOUT_RETURN_TYPE = YES_ERROR;
				GCC_WARN_UNDECLARED_SELECTOR = YES;
				GCC_WARN_UNINITIALIZED_AUTOS = YES_AGGRESSIVE;
				GCC_WARN_UNUSED_FUNCTION = YES;
				GCC_WARN_UNUSED_VARIABLE = YES;
				LOCALIZATION_PREFERS_STRING_CATALOGS = YES;
				MACOSX_DEPLOYMENT_TARGET = 26.0;
				MTL_ENABLE_DEBUG_INFO = INCLUDE_SOURCE;
				ONLY_ACTIVE_ARCH = YES;
				SDKROOT = macosx;
				SWIFT_ACTIVE_COMPILATION_CONDITIONS = "DEBUG $(inherited)";
				SWIFT_APPROACHABLE_CONCURRENCY = YES;
				SWIFT_DEFAULT_ACTOR_ISOLATION = MainActor;
				SWIFT_EMIT_LOC_STRINGS = YES;
				SWIFT_OPTIMIZATION_LEVEL = "-Onone";
				SWIFT_UPCOMING_FEATURE_MEMBER_IMPORT_VISIBILITY = YES;
				SWIFT_VERSION = 6.0;
			};
			name = Debug;
		};
		4E5000000000000000000052 /* Release */ = {
			isa = XCBuildConfiguration;
			buildSettings = {
				ALWAYS_SEARCH_USER_PATHS = NO;
				ASSETCATALOG_COMPILER_GENERATE_SWIFT_ASSET_SYMBOL_EXTENSIONS = YES;
				CLANG_ANALYZER_NONNULL = YES;
				CLANG_CXX_LANGUAGE_STANDARD = "gnu++20";
				CLANG_ENABLE_MODULES = YES;
				CLANG_ENABLE_OBJC_ARC = YES;
				CLANG_ENABLE_OBJC_WEAK = YES;
				CLANG_WARN_BLOCK_CAPTURE_AUTORELEASING = YES;
				CLANG_WARN_BOOL_CONVERSION = YES;
				CLANG_WARN_COMMA = YES;
				CLANG_WARN_CONSTANT_CONVERSION = YES;
				CLANG_WARN_DEPRECATED_OBJC_IMPLEMENTATIONS = YES;
				CLANG_WARN_DIRECT_OBJC_ISA_USAGE = YES_ERROR;
				CLANG_WARN_DOCUMENTATION_COMMENTS = YES;
				CLANG_WARN_EMPTY_BODY = YES;
				CLANG_WARN_ENUM_CONVERSION = YES;
				CLANG_WARN_INFINITE_RECURSION = YES;
				CLANG_WARN_INT_CONVERSION = YES;
				CLANG_WARN_NON_LITERAL_NULL_CONVERSION = YES;
				CLANG_WARN_OBJC_IMPLICIT_RETAIN_SELF = YES;
				CLANG_WARN_OBJC_LITERAL_CONVERSION = YES;
				CLANG_WARN_OBJC_ROOT_CLASS = YES_ERROR;
				CLANG_WARN_QUOTED_INCLUDE_IN_FRAMEWORK_HEADER = YES;
				CLANG_WARN_RANGE_LOOP_ANALYSIS = YES;
				CLANG_WARN_STRICT_PROTOTYPES = YES;
				CLANG_WARN_SUSPICIOUS_MOVE = YES;
				CLANG_WARN_UNGUARDED_AVAILABILITY = YES_AGGRESSIVE;
				CLANG_WARN_UNREACHABLE_CODE = YES;
				CLANG_WARN__DUPLICATE_METHOD_MATCH = YES;
				COPY_PHASE_STRIP = NO;
				DEAD_CODE_STRIPPING = YES;
				DEBUG_INFORMATION_FORMAT = "dwarf-with-dsym";
				DEVELOPMENT_TEAM = 6T7RV2A4DQ;
				ENABLE_NS_ASSERTIONS = NO;
				ENABLE_STRICT_OBJC_MSGSEND = YES;
				ENABLE_USER_SCRIPT_SANDBOXING = YES;
				GCC_C_LANGUAGE_STANDARD = gnu17;
				GCC_NO_COMMON_BLOCKS = YES;
				GCC_WARN_64_TO_32_BIT_CONVERSION = YES;
				GCC_WARN_ABOUT_RETURN_TYPE = YES_ERROR;
				GCC_WARN_UNDECLARED_SELECTOR = YES;
				GCC_WARN_UNINITIALIZED_AUTOS = YES_AGGRESSIVE;
				GCC_WARN_UNUSED_FUNCTION = YES;
				GCC_WARN_UNUSED_VARIABLE = YES;
				LOCALIZATION_PREFERS_STRING_CATALOGS = YES;
				MACOSX_DEPLOYMENT_TARGET = 26.0;
				MTL_ENABLE_DEBUG_INFO = NO;
				SDKROOT = macosx;
				SWIFT_APPROACHABLE_CONCURRENCY = YES;
				SWIFT_COMPILATION_MODE = wholemodule;
				SWIFT_DEFAULT_ACTOR_ISOLATION = MainActor;
				SWIFT_EMIT_LOC_STRINGS = YES;
				SWIFT_UPCOMING_FEATURE_MEMBER_IMPORT_VISIBILITY = YES;
				SWIFT_VERSION = 6.0;
			};
			name = Release;
		};
		4E5000000000000000000054 /* Debug */ = {
			isa = XCBuildConfiguration;
			buildSettings = {
				ARCHS = arm64;
				CODE_SIGN_STYLE = Automatic;
				COMBINE_HIDPI_IMAGES = YES;
				DEVELOPMENT_TEAM = 6T7RV2A4DQ;
				ENABLE_HARDENED_RUNTIME = YES;
				ENABLE_PREVIEWS = YES;
				ENABLE_USER_SCRIPT_SANDBOXING = NO;
				GENERATE_INFOPLIST_FILE = YES;
				INFOPLIST_FILE = Support/Info.plist;
				INFOPLIST_KEY_CFBundleDisplayName = "Pennant Dev";
				INFOPLIST_KEY_LSApplicationCategoryType = "public.app-category.sports";
				LD_RUNPATH_SEARCH_PATHS = (
					"$(inherited)",
					"@executable_path/../Frameworks",
				);
				PENNANT_SKIP_SERVER = NO;
				PRODUCT_BUNDLE_IDENTIFIER = com.dakotawise.pennant.dev;
				PRODUCT_NAME = "$(TARGET_NAME)";
				SWIFT_EMIT_LOC_STRINGS = YES;
			};
			name = Debug;
		};
		4E5000000000000000000055 /* Release */ = {
			isa = XCBuildConfiguration;
			buildSettings = {
				ARCHS = arm64;
				CODE_SIGN_STYLE = Automatic;
				COMBINE_HIDPI_IMAGES = YES;
				DEVELOPMENT_TEAM = 6T7RV2A4DQ;
				ENABLE_HARDENED_RUNTIME = YES;
				ENABLE_PREVIEWS = YES;
				ENABLE_USER_SCRIPT_SANDBOXING = NO;
				GENERATE_INFOPLIST_FILE = YES;
				INFOPLIST_FILE = Support/Info.plist;
				INFOPLIST_KEY_CFBundleDisplayName = Pennant;
				INFOPLIST_KEY_LSApplicationCategoryType = "public.app-category.sports";
				LD_RUNPATH_SEARCH_PATHS = (
					"$(inherited)",
					"@executable_path/../Frameworks",
				);
				PENNANT_SKIP_SERVER = NO;
				PRODUCT_BUNDLE_IDENTIFIER = com.dakotawise.pennant;
				PRODUCT_NAME = "$(TARGET_NAME)";
				SWIFT_EMIT_LOC_STRINGS = YES;
			};
			name = Release;
		};
		4E5000000000000000000057 /* Debug */ = {
			isa = XCBuildConfiguration;
			buildSettings = {
				ARCHS = arm64;
				CODE_SIGN_STYLE = Automatic;
				DEVELOPMENT_TEAM = 6T7RV2A4DQ;
				GENERATE_INFOPLIST_FILE = YES;
				PRODUCT_BUNDLE_IDENTIFIER = com.dakotawise.pennant.dev.uitests;
				PRODUCT_NAME = "$(TARGET_NAME)";
				SWIFT_DEFAULT_ACTOR_ISOLATION = nonisolated;
				SWIFT_EMIT_LOC_STRINGS = NO;
				TEST_TARGET_NAME = Pennant;
			};
			name = Debug;
		};
		4E5000000000000000000058 /* Release */ = {
			isa = XCBuildConfiguration;
			buildSettings = {
				ARCHS = arm64;
				CODE_SIGN_STYLE = Automatic;
				DEVELOPMENT_TEAM = 6T7RV2A4DQ;
				GENERATE_INFOPLIST_FILE = YES;
				PRODUCT_BUNDLE_IDENTIFIER = com.dakotawise.pennant.uitests;
				PRODUCT_NAME = "$(TARGET_NAME)";
				SWIFT_DEFAULT_ACTOR_ISOLATION = nonisolated;
				SWIFT_EMIT_LOC_STRINGS = NO;
				TEST_TARGET_NAME = Pennant;
			};
			name = Release;
		};
/* End XCBuildConfiguration section */

/* Begin XCConfigurationList section */
		4E5000000000000000000050 /* Build configuration list for PBXProject "Pennant" */ = {
			isa = XCConfigurationList;
			buildConfigurations = (
				4E5000000000000000000051 /* Debug */,
				4E5000000000000000000052 /* Release */,
			);
			defaultConfigurationIsVisible = 0;
			defaultConfigurationName = Release;
		};
		4E5000000000000000000053 /* Build configuration list for PBXNativeTarget "Pennant" */ = {
			isa = XCConfigurationList;
			buildConfigurations = (
				4E5000000000000000000054 /* Debug */,
				4E5000000000000000000055 /* Release */,
			);
			defaultConfigurationIsVisible = 0;
			defaultConfigurationName = Release;
		};
		4E5000000000000000000056 /* Build configuration list for PBXNativeTarget "PennantUITests" */ = {
			isa = XCConfigurationList;
			buildConfigurations = (
				4E5000000000000000000057 /* Debug */,
				4E5000000000000000000058 /* Release */,
			);
			defaultConfigurationIsVisible = 0;
			defaultConfigurationName = Release;
		};
/* End XCConfigurationList section */

/* Begin XCLocalSwiftPackageReference section */
		4E5000000000000000000060 /* XCLocalSwiftPackageReference "Packages/PennantKit" */ = {
			isa = XCLocalSwiftPackageReference;
			relativePath = Packages/PennantKit;
		};
		4E5000000000000000000061 /* XCLocalSwiftPackageReference "Packages/PennantDesign" */ = {
			isa = XCLocalSwiftPackageReference;
			relativePath = Packages/PennantDesign;
		};
		4E5000000000000000000062 /* XCLocalSwiftPackageReference "Packages/PennantAPI" */ = {
			isa = XCLocalSwiftPackageReference;
			relativePath = Packages/PennantAPI;
		};
		4E5000000000000000000063 /* XCLocalSwiftPackageReference "Packages/PennantFeatures" */ = {
			isa = XCLocalSwiftPackageReference;
			relativePath = Packages/PennantFeatures;
		};
/* End XCLocalSwiftPackageReference section */

/* Begin XCSwiftPackageProductDependency section */
		4E5000000000000000000070 /* PennantKit */ = {
			isa = XCSwiftPackageProductDependency;
			package = 4E5000000000000000000060 /* XCLocalSwiftPackageReference "Packages/PennantKit" */;
			productName = PennantKit;
		};
		4E5000000000000000000071 /* PennantDesign */ = {
			isa = XCSwiftPackageProductDependency;
			package = 4E5000000000000000000061 /* XCLocalSwiftPackageReference "Packages/PennantDesign" */;
			productName = PennantDesign;
		};
		4E5000000000000000000072 /* PennantAPI */ = {
			isa = XCSwiftPackageProductDependency;
			package = 4E5000000000000000000062 /* XCLocalSwiftPackageReference "Packages/PennantAPI" */;
			productName = PennantAPI;
		};
		4E5000000000000000000073 /* PennantFeatures */ = {
			isa = XCSwiftPackageProductDependency;
			package = 4E5000000000000000000063 /* XCLocalSwiftPackageReference "Packages/PennantFeatures" */;
			productName = PennantFeatures;
		};
/* End XCSwiftPackageProductDependency section */
	};
	rootObject = 4E5000000000000000000001 /* Project object */;
}
